<Solution>
  <Folder Name="/src/">
    <Project Path="src/Platform.Api/Platform.Api.csproj" />
    <Project Path="src/Platform.Application/Platform.Application.csproj" />
    <Project Path="src/Platform.Domain/Platform.Domain.csproj" />
    <Project Path="src/Platform.Infrastructure/Platform.Infrastructure.csproj" />
    <Project Path="src/Platform.Judge/Platform.Judge.csproj" />
  </Folder>
  <Folder Name="/tests/">
    <Project Path="tests/Platform.Api.UnitTests/Platform.Api.UnitTests.csproj" />
    <Project Path="tests/Platform.Application.UnitTests/Platform.Application.UnitTests.csproj" />
    <Project Path="tests/Platform.ArchitectureTests/Platform.ArchitectureTests.csproj" />
    <Project Path="tests/Platform.Domain.UnitTests/Platform.Domain.UnitTests.csproj" />
    <Project Path="tests/Platform.Judge.UnitTests/Platform.Judge.UnitTests.csproj" />
  </Folder>
</Solution>
